{"filter":false,"title":"package-lock.json","tooltip":"/package-lock.json","undoManager":{"mark":-1,"position":-1,"stack":[]},"ace":{"folds":[],"scrolltop":1164,"scrollleft":0,"selection":{"start":{"row":102,"column":6},"end":{"row":102,"column":6},"isBackwards":false},"options":{"guessTabSize":true,"useWrapMode":false,"wrapToView":true},"firstLineState":{"row":82,"state":"start","mode":"ace/mode/json"}},"timestamp":1579423717871,"hash":"6479d3901a923113d0c6748ef0653efc17fbb445"}